<Solution>
  <Folder Name="/Solution Items/">
    <File Path="Directory.Build.props" />
    <File Path="Directory.Build.targets" />
    <File Path="LICENSE" />
    <File Path="README.md" />
  </Folder>
  <Folder Name="/Tests/">
    <Project Path="DevPack.Tests/Skyline.DataMiner.Dev.Utils.Solutions.PeopleAndOrganizations.Tests.csproj" />
  </Folder>
  <Project Path="DevPack.Automation/Skyline.DataMiner.Dev.Utils.Solutions.PeopleAndOrganizations.Automation.csproj" />
  <Project Path="DevPack.GQI/Skyline.DataMiner.Dev.Utils.Solutions.PeopleAndOrganizations.GQI.csproj" />
  <Project Path="DevPack.Protocol/Skyline.DataMiner.Dev.Utils.Solutions.PeopleAndOrganizations.Protocol.csproj" />
  <Project Path="DevPack.UnitTesting/Skyline.DataMiner.Dev.Utils.Solutions.PeopleAndOrganizations.UnitTesting.csproj" />
  <Project Path="DevPack/Skyline.DataMiner.Dev.Utils.Solutions.PeopleAndOrganizations.csproj" />
</Solution>
